
Microsoft Visual Studio Solution File, Format Version 12.00
# Visual Studio Version 17
VisualStudioVersion = 17.11.35327.3
MinimumVisualStudioVersion = 10.0.40219.1
Project("{FAE04EC0-301F-11D3-BF4B-00C04F79EFBC}") = "Week4Loops", "Week4Loops\Week4Loops.csproj", "{F06671C5-BD87-4B30-B9F0-04C4A5FA6AA6}"
EndProject
Project("{FAE04EC0-301F-11D3-BF4B-00C04F79EFBC}") = "ForLoopSum", "ForLoopSum\ForLoopSum.csproj", "{806963EB-7DD4-4B01-8990-6157E178F581}"
EndProject
Project("{FAE04EC0-301F-11D3-BF4B-00C04F79EFBC}") = "RandomNumber", "RandomNumber\RandomNumber.csproj", "{D21B2A99-F70A-43F2-B1F0-0D7D51CF922F}"
EndProject
Project("{FAE04EC0-301F-11D3-BF4B-00C04F79EFBC}") = "WhileLoops", "WhileLoops\WhileLoops.csproj", "{F8EBD30A-EFC2-48F0-B22A-E7FDA385A621}"
EndProject
Global
	GlobalSection(SolutionConfigurationPlatforms) = preSolution
		Debug|Any CPU = Debug|Any CPU
		Release|Any CPU = Release|Any CPU
	EndGlobalSection
	GlobalSection(ProjectConfigurationPlatforms) = postSolution
		{F06671C5-BD87-4B30-B9F0-04C4A5FA6AA6}.Debug|Any CPU.ActiveCfg = Debug|Any CPU
		{F06671C5-BD87-4B30-B9F0-04C4A5FA6AA6}.Debug|Any CPU.Build.0 = Debug|Any CPU
		{F06671C5-BD87-4B30-B9F0-04C4A5FA6AA6}.Release|Any CPU.ActiveCfg = Release|Any CPU
		{F06671C5-BD87-4B30-B9F0-04C4A5FA6AA6}.Release|Any CPU.Build.0 = Release|Any CPU
		{806963EB-7DD4-4B01-8990-6157E178F581}.Debug|Any CPU.ActiveCfg = Debug|Any CPU
		{806963EB-7DD4-4B01-8990-6157E178F581}.Debug|Any CPU.Build.0 = Debug|Any CPU
		{806963EB-7DD4-4B01-8990-6157E178F581}.Release|Any CPU.ActiveCfg = Release|Any CPU
		{806963EB-7DD4-4B01-8990-6157E178F581}.Release|Any CPU.Build.0 = Release|Any CPU
		{D21B2A99-F70A-43F2-B1F0-0D7D51CF922F}.Debug|Any CPU.ActiveCfg = Debug|Any CPU
		{D21B2A99-F70A-43F2-B1F0-0D7D51CF922F}.Debug|Any CPU.Build.0 = Debug|Any CPU
		{D21B2A99-F70A-43F2-B1F0-0D7D51CF922F}.Release|Any CPU.ActiveCfg = Release|Any CPU
		{D21B2A99-F70A-43F2-B1F0-0D7D51CF922F}.Release|Any CPU.Build.0 = Release|Any CPU
		{F8EBD30A-EFC2-48F0-B22A-E7FDA385A621}.Debug|Any CPU.ActiveCfg = Debug|Any CPU
		{F8EBD30A-EFC2-48F0-B22A-E7FDA385A621}.Debug|Any CPU.Build.0 = Debug|Any CPU
		{F8EBD30A-EFC2-48F0-B22A-E7FDA385A621}.Release|Any CPU.ActiveCfg = Release|Any CPU
		{F8EBD30A-EFC2-48F0-B22A-E7FDA385A621}.Release|Any CPU.Build.0 = Release|Any CPU
	EndGlobalSection
	GlobalSection(SolutionProperties) = preSolution
		HideSolutionNode = FALSE
	EndGlobalSection
	GlobalSection(ExtensibilityGlobals) = postSolution
		SolutionGuid = {4361702A-355C-40EF-B383-DD02E486535F}
	EndGlobalSection
EndGlobal
